
Microsoft Visual Studio Solution File, Format Version 12.00
# Visual Studio 2012
Project("{E24C65DC-7377-472B-9ABA-BC803B73C61A}") = "jQueryWebSite", "jQueryWebSite\", "{6AE5A212-6F50-4E82-A291-4B2FF04082C1}"
	ProjectSection(WebsiteProperties) = preProject
		TargetFrameworkMoniker = ".NETFramework,Version%3Dv4.5"
		ProjectReferences = "{215c2e56-efd3-4d8d-9329-78fc9d2864eb}|testClass.dll;"
		Debug.AspNetCompiler.VirtualPath = "/jQueryWebSite"
		Debug.AspNetCompiler.PhysicalPath = "jQueryWebSite\"
		Debug.AspNetCompiler.TargetPath = "PrecompiledWeb\jQueryWebSite\"
		Debug.AspNetCompiler.Updateable = "true"
		Debug.AspNetCompiler.ForceOverwrite = "true"
		Debug.AspNetCompiler.FixedNames = "false"
		Debug.AspNetCompiler.Debug = "True"
		Release.AspNetCompiler.VirtualPath = "/jQueryWebSite"
		Release.AspNetCompiler.PhysicalPath = "jQueryWebSite\"
		Release.AspNetCompiler.TargetPath = "PrecompiledWeb\jQueryWebSite\"
		Release.AspNetCompiler.Updateable = "true"
		Release.AspNetCompiler.ForceOverwrite = "true"
		Release.AspNetCompiler.FixedNames = "false"
		Release.AspNetCompiler.Debug = "False"
		VWDPort = "24302"
	EndProjectSection
EndProject
Project("{FAE04EC0-301F-11D3-BF4B-00C04F79EFBC}") = "testClass", "testClass\testClass.csproj", "{215C2E56-EFD3-4D8D-9329-78FC9D2864EB}"
EndProject
Global
	GlobalSection(SolutionConfigurationPlatforms) = preSolution
		Debug|Any CPU = Debug|Any CPU
		Release|Any CPU = Release|Any CPU
	EndGlobalSection
	GlobalSection(ProjectConfigurationPlatforms) = postSolution
		{6AE5A212-6F50-4E82-A291-4B2FF04082C1}.Debug|Any CPU.ActiveCfg = Debug|Any CPU
		{6AE5A212-6F50-4E82-A291-4B2FF04082C1}.Debug|Any CPU.Build.0 = Debug|Any CPU
		{6AE5A212-6F50-4E82-A291-4B2FF04082C1}.Release|Any CPU.ActiveCfg = Debug|Any CPU
		{6AE5A212-6F50-4E82-A291-4B2FF04082C1}.Release|Any CPU.Build.0 = Debug|Any CPU
		{215C2E56-EFD3-4D8D-9329-78FC9D2864EB}.Debug|Any CPU.ActiveCfg = Debug|Any CPU
		{215C2E56-EFD3-4D8D-9329-78FC9D2864EB}.Debug|Any CPU.Build.0 = Debug|Any CPU
		{215C2E56-EFD3-4D8D-9329-78FC9D2864EB}.Release|Any CPU.ActiveCfg = Release|Any CPU
		{215C2E56-EFD3-4D8D-9329-78FC9D2864EB}.Release|Any CPU.Build.0 = Release|Any CPU
	EndGlobalSection
	GlobalSection(SolutionProperties) = preSolution
		HideSolutionNode = FALSE
	EndGlobalSection
EndGlobal
